
Microsoft Visual Studio Solution File, Format Version 12.00
# Visual Studio Version 17
VisualStudioVersion = 17.9.34622.214
MinimumVisualStudioVersion = 10.0.40219.1
Project("{FAE04EC0-301F-11D3-BF4B-00C04F79EFBC}") = "QuestionGenerator", "QuestionGenerator\QuestionGenerator.csproj", "{CCFED9CD-E8B9-4E9E-A8FE-E3523162BB02}"
EndProject
Global
	GlobalSection(SolutionConfigurationPlatforms) = preSolution
		Debug|Any CPU = Debug|Any CPU
		Release|Any CPU = Release|Any CPU
	EndGlobalSection
	GlobalSection(ProjectConfigurationPlatforms) = postSolution
		{CCFED9CD-E8B9-4E9E-A8FE-E3523162BB02}.Debug|Any CPU.ActiveCfg = Debug|Any CPU
		{CCFED9CD-E8B9-4E9E-A8FE-E3523162BB02}.Debug|Any CPU.Build.0 = Debug|Any CPU
		{CCFED9CD-E8B9-4E9E-A8FE-E3523162BB02}.Release|Any CPU.ActiveCfg = Release|Any CPU
		{CCFED9CD-E8B9-4E9E-A8FE-E3523162BB02}.Release|Any CPU.Build.0 = Release|Any CPU
	EndGlobalSection
	GlobalSection(SolutionProperties) = preSolution
		HideSolutionNode = FALSE
	EndGlobalSection
	GlobalSection(ExtensibilityGlobals) = postSolution
		SolutionGuid = {22E53FA7-B534-47B6-B4DD-37A8F07E01C5}
	EndGlobalSection
EndGlobal
